
Microsoft Visual Studio Solution File, Format Version 12.00
# Visual Studio Version 17
VisualStudioVersion = 17.2.32616.157
MinimumVisualStudioVersion = 10.0.40219.1
Project("{2150E333-8FDC-42A3-9474-1A3956D46DE8}") = "src", "src", "{94D5DE3D-17A2-4F16-836D-56C15C4007F2}"
EndProject
Project("{2150E333-8FDC-42A3-9474-1A3956D46DE8}") = "Solution Items", "Solution Items", "{F1263F71-AF45-4C29-B0C3-818077B59AD2}"
	ProjectSection(SolutionItems) = preProject
		ServiceUrls.txt = ServiceUrls.txt
	EndProjectSection
EndProject
Project("{2150E333-8FDC-42A3-9474-1A3956D46DE8}") = "ApiGateways", "ApiGateways", "{A99642B4-661A-4E86-89E2-2F791F47793C}"
EndProject
Project("{2150E333-8FDC-42A3-9474-1A3956D46DE8}") = "BuildingBlocks", "BuildingBlocks", "{71BC310A-3F60-4EAC-8A3F-BEDF41404692}"
EndProject
Project("{2150E333-8FDC-42A3-9474-1A3956D46DE8}") = "Clients", "Clients", "{82468DE1-6096-4412-AC37-16CE6913C7D4}"
EndProject
Project("{2150E333-8FDC-42A3-9474-1A3956D46DE8}") = "Services", "Services", "{D640154E-AD90-4BCB-9845-91BE7125FCF2}"
EndProject
Project("{2150E333-8FDC-42A3-9474-1A3956D46DE8}") = "WebApiGateway", "WebApiGateway", "{3E2096D1-CB04-4E89-B11E-EE964F7B4A2B}"
EndProject
Project("{9A19103F-16F7-4668-BE54-9A1E7A4F7556}") = "Web.ApiGateway", "src\ApiGateways\WebApiGateway\Web.ApiGateway\Web.ApiGateway.csproj", "{3C2DB918-ADD8-4CCB-ABD6-4BD5498A4E5E}"
EndProject
Project("{2150E333-8FDC-42A3-9474-1A3956D46DE8}") = "EventBus", "EventBus", "{88EEAA14-A427-4FC9-AB67-08EED37034F4}"
EndProject
Project("{2150E333-8FDC-42A3-9474-1A3956D46DE8}") = "BlazorWebApp", "BlazorWebApp", "{D736AEEF-90CD-43D4-88CF-9EE95FDC08C3}"
EndProject
Project("{9A19103F-16F7-4668-BE54-9A1E7A4F7556}") = "EventBus.Base", "src\BuildingBlocks\EventBus\EventBus.Base\EventBus.Base.csproj", "{0D849193-74AF-4736-9276-CAD814AB0B41}"
EndProject
Project("{9A19103F-16F7-4668-BE54-9A1E7A4F7556}") = "EventBus.Factory", "src\BuildingBlocks\EventBus\EventBus.Factory\EventBus.Factory.csproj", "{0ACCADBC-B2EC-4EFA-8571-3D7A7803BFC6}"
EndProject
Project("{9A19103F-16F7-4668-BE54-9A1E7A4F7556}") = "EventBus.RabbitMQ", "src\BuildingBlocks\EventBus\EventBus.RabbitMQ\EventBus.RabbitMQ.csproj", "{9B7DB02F-DD2E-4187-AD7C-0EC565D4FA55}"
EndProject
Project("{9A19103F-16F7-4668-BE54-9A1E7A4F7556}") = "EventBus.AzureServiceBus", "src\BuildingBlocks\EventBus\EventBus.AzureServiceBus\EventBus.AzureServiceBus.csproj", "{31289110-B739-4325-B4DC-ABFB1A574EAB}"
EndProject
Project("{9A19103F-16F7-4668-BE54-9A1E7A4F7556}") = "WebApp", "src\Clients\BlazorWebApp\WebApp\WebApp.csproj", "{27A38B6D-33D0-4CA3-A50C-A4ACF2FE1C18}"
EndProject
Project("{2150E333-8FDC-42A3-9474-1A3956D46DE8}") = "BasketService", "BasketService", "{A0180DC7-F1D8-4691-959D-EE3D2D5B9174}"
EndProject
Project("{2150E333-8FDC-42A3-9474-1A3956D46DE8}") = "CatalogService", "CatalogService", "{D52669E9-749C-4F2F-B385-407846C484F8}"
EndProject
Project("{2150E333-8FDC-42A3-9474-1A3956D46DE8}") = "IdentityService", "IdentityService", "{6655D903-7CBF-4CD2-BC74-6407CF466C98}"
EndProject
Project("{2150E333-8FDC-42A3-9474-1A3956D46DE8}") = "NotificationService", "NotificationService", "{5E600E4D-8D88-4607-8A7E-E7E6A74493A0}"
EndProject
Project("{2150E333-8FDC-42A3-9474-1A3956D46DE8}") = "OrderService", "OrderService", "{62B6FF35-A853-4E63-9331-136E5B719F9B}"
EndProject
Project("{2150E333-8FDC-42A3-9474-1A3956D46DE8}") = "PaymentService", "PaymentService", "{98AC5426-2EBC-4D94-B3E9-4A78D542A85C}"
EndProject
Project("{2150E333-8FDC-42A3-9474-1A3956D46DE8}") = "tests", "tests", "{A3AD69C7-8153-4DA4-8DBF-8259A782FE1A}"
EndProject
Project("{2150E333-8FDC-42A3-9474-1A3956D46DE8}") = "BuildingBlocks", "BuildingBlocks", "{5D76ADEF-37FE-4253-8419-F656C5169E33}"
EndProject
Project("{9A19103F-16F7-4668-BE54-9A1E7A4F7556}") = "EventBus.UnitTest", "tests\BuildingBlocks\EventBus.UnitTest\EventBus.UnitTest.csproj", "{B2A9AFCD-5D45-427A-AD07-F776D1D1C866}"
EndProject
Project("{9A19103F-16F7-4668-BE54-9A1E7A4F7556}") = "CatalogServiceApi", "src\Services\CatalogService\CatalogServiceApi\CatalogServiceApi.csproj", "{63C73E8A-54F8-4374-87AD-53C512F6993A}"
EndProject
Project("{9A19103F-16F7-4668-BE54-9A1E7A4F7556}") = "PaymentService.Api", "src\Services\PaymentService\PaymentService.Api\PaymentService.Api.csproj", "{A3B174AE-1251-4712-8839-F7A7B4A3FB6D}"
EndProject
Project("{9A19103F-16F7-4668-BE54-9A1E7A4F7556}") = "NotificationService", "src\Services\NotificationService\NotificationService\NotificationService.csproj", "{9AC78EAE-4BE2-4BC7-AF1F-60990F0A0824}"
EndProject
Project("{9A19103F-16F7-4668-BE54-9A1E7A4F7556}") = "IdentityService.Api", "src\Services\IdentityService\IdentityService.Api\IdentityService.Api.csproj", "{B3107AC8-F7E9-4691-9EB8-D26EF1083540}"
EndProject
Project("{9A19103F-16F7-4668-BE54-9A1E7A4F7556}") = "BasketService.Api", "src\Services\BasketService\BasketService.Api\BasketService.Api.csproj", "{D0EE5379-FDC2-461F-9093-26506D5E0039}"
EndProject
Project("{9A19103F-16F7-4668-BE54-9A1E7A4F7556}") = "OrderService.Api", "src\Services\OrderService\OrderService.Api\OrderService.Api.csproj", "{BDB78A64-D7D6-4C34-984A-7C7A4FCC68D7}"
EndProject
Project("{9A19103F-16F7-4668-BE54-9A1E7A4F7556}") = "OrderService.Application", "src\Services\OrderService\OrderService.Application\OrderService.Application.csproj", "{BF28201C-370D-4BEA-B05F-E9743BAB18FD}"
EndProject
Project("{9A19103F-16F7-4668-BE54-9A1E7A4F7556}") = "OrderService.Domain", "src\Services\OrderService\OrderService.Domain\OrderService.Domain.csproj", "{A4698A6D-37CB-454F-BBA9-C57310F8B149}"
EndProject
Project("{9A19103F-16F7-4668-BE54-9A1E7A4F7556}") = "OrderService.Infrastructure", "src\Services\OrderService\OrderService.Infrastructure\OrderService.Infrastructure.csproj", "{A86F2FBF-18ED-4228-9B6A-A8A7383E9F88}"
EndProject
Global
	GlobalSection(SolutionConfigurationPlatforms) = preSolution
		Debug|Any CPU = Debug|Any CPU
		Release|Any CPU = Release|Any CPU
	EndGlobalSection
	GlobalSection(ProjectConfigurationPlatforms) = postSolution
		{3C2DB918-ADD8-4CCB-ABD6-4BD5498A4E5E}.Debug|Any CPU.ActiveCfg = Debug|Any CPU
		{3C2DB918-ADD8-4CCB-ABD6-4BD5498A4E5E}.Debug|Any CPU.Build.0 = Debug|Any CPU
		{3C2DB918-ADD8-4CCB-ABD6-4BD5498A4E5E}.Release|Any CPU.ActiveCfg = Release|Any CPU
		{3C2DB918-ADD8-4CCB-ABD6-4BD5498A4E5E}.Release|Any CPU.Build.0 = Release|Any CPU
		{0D849193-74AF-4736-9276-CAD814AB0B41}.Debug|Any CPU.ActiveCfg = Debug|Any CPU
		{0D849193-74AF-4736-9276-CAD814AB0B41}.Debug|Any CPU.Build.0 = Debug|Any CPU
		{0D849193-74AF-4736-9276-CAD814AB0B41}.Release|Any CPU.ActiveCfg = Release|Any CPU
		{0D849193-74AF-4736-9276-CAD814AB0B41}.Release|Any CPU.Build.0 = Release|Any CPU
		{0ACCADBC-B2EC-4EFA-8571-3D7A7803BFC6}.Debug|Any CPU.ActiveCfg = Debug|Any CPU
		{0ACCADBC-B2EC-4EFA-8571-3D7A7803BFC6}.Debug|Any CPU.Build.0 = Debug|Any CPU
		{0ACCADBC-B2EC-4EFA-8571-3D7A7803BFC6}.Release|Any CPU.ActiveCfg = Release|Any CPU
		{0ACCADBC-B2EC-4EFA-8571-3D7A7803BFC6}.Release|Any CPU.Build.0 = Release|Any CPU
		{9B7DB02F-DD2E-4187-AD7C-0EC565D4FA55}.Debug|Any CPU.ActiveCfg = Debug|Any CPU
		{9B7DB02F-DD2E-4187-AD7C-0EC565D4FA55}.Debug|Any CPU.Build.0 = Debug|Any CPU
		{9B7DB02F-DD2E-4187-AD7C-0EC565D4FA55}.Release|Any CPU.ActiveCfg = Release|Any CPU
		{9B7DB02F-DD2E-4187-AD7C-0EC565D4FA55}.Release|Any CPU.Build.0 = Release|Any CPU
		{31289110-B739-4325-B4DC-ABFB1A574EAB}.Debug|Any CPU.ActiveCfg = Debug|Any CPU
		{31289110-B739-4325-B4DC-ABFB1A574EAB}.Debug|Any CPU.Build.0 = Debug|Any CPU
		{31289110-B739-4325-B4DC-ABFB1A574EAB}.Release|Any CPU.ActiveCfg = Release|Any CPU
		{31289110-B739-4325-B4DC-ABFB1A574EAB}.Release|Any CPU.Build.0 = Release|Any CPU
		{27A38B6D-33D0-4CA3-A50C-A4ACF2FE1C18}.Debug|Any CPU.ActiveCfg = Debug|Any CPU
		{27A38B6D-33D0-4CA3-A50C-A4ACF2FE1C18}.Debug|Any CPU.Build.0 = Debug|Any CPU
		{27A38B6D-33D0-4CA3-A50C-A4ACF2FE1C18}.Release|Any CPU.ActiveCfg = Release|Any CPU
		{27A38B6D-33D0-4CA3-A50C-A4ACF2FE1C18}.Release|Any CPU.Build.0 = Release|Any CPU
		{B2A9AFCD-5D45-427A-AD07-F776D1D1C866}.Debug|Any CPU.ActiveCfg = Debug|Any CPU
		{B2A9AFCD-5D45-427A-AD07-F776D1D1C866}.Debug|Any CPU.Build.0 = Debug|Any CPU
		{B2A9AFCD-5D45-427A-AD07-F776D1D1C866}.Release|Any CPU.ActiveCfg = Release|Any CPU
		{B2A9AFCD-5D45-427A-AD07-F776D1D1C866}.Release|Any CPU.Build.0 = Release|Any CPU
		{63C73E8A-54F8-4374-87AD-53C512F6993A}.Debug|Any CPU.ActiveCfg = Debug|Any CPU
		{63C73E8A-54F8-4374-87AD-53C512F6993A}.Debug|Any CPU.Build.0 = Debug|Any CPU
		{63C73E8A-54F8-4374-87AD-53C512F6993A}.Release|Any CPU.ActiveCfg = Release|Any CPU
		{63C73E8A-54F8-4374-87AD-53C512F6993A}.Release|Any CPU.Build.0 = Release|Any CPU
		{A3B174AE-1251-4712-8839-F7A7B4A3FB6D}.Debug|Any CPU.ActiveCfg = Debug|Any CPU
		{A3B174AE-1251-4712-8839-F7A7B4A3FB6D}.Debug|Any CPU.Build.0 = Debug|Any CPU
		{A3B174AE-1251-4712-8839-F7A7B4A3FB6D}.Release|Any CPU.ActiveCfg = Release|Any CPU
		{A3B174AE-1251-4712-8839-F7A7B4A3FB6D}.Release|Any CPU.Build.0 = Release|Any CPU
		{9AC78EAE-4BE2-4BC7-AF1F-60990F0A0824}.Debug|Any CPU.ActiveCfg = Debug|Any CPU
		{9AC78EAE-4BE2-4BC7-AF1F-60990F0A0824}.Debug|Any CPU.Build.0 = Debug|Any CPU
		{9AC78EAE-4BE2-4BC7-AF1F-60990F0A0824}.Release|Any CPU.ActiveCfg = Release|Any CPU
		{9AC78EAE-4BE2-4BC7-AF1F-60990F0A0824}.Release|Any CPU.Build.0 = Release|Any CPU
		{B3107AC8-F7E9-4691-9EB8-D26EF1083540}.Debug|Any CPU.ActiveCfg = Debug|Any CPU
		{B3107AC8-F7E9-4691-9EB8-D26EF1083540}.Debug|Any CPU.Build.0 = Debug|Any CPU
		{B3107AC8-F7E9-4691-9EB8-D26EF1083540}.Release|Any CPU.ActiveCfg = Release|Any CPU
		{B3107AC8-F7E9-4691-9EB8-D26EF1083540}.Release|Any CPU.Build.0 = Release|Any CPU
		{D0EE5379-FDC2-461F-9093-26506D5E0039}.Debug|Any CPU.ActiveCfg = Debug|Any CPU
		{D0EE5379-FDC2-461F-9093-26506D5E0039}.Debug|Any CPU.Build.0 = Debug|Any CPU
		{D0EE5379-FDC2-461F-9093-26506D5E0039}.Release|Any CPU.ActiveCfg = Release|Any CPU
		{D0EE5379-FDC2-461F-9093-26506D5E0039}.Release|Any CPU.Build.0 = Release|Any CPU
		{BDB78A64-D7D6-4C34-984A-7C7A4FCC68D7}.Debug|Any CPU.ActiveCfg = Debug|Any CPU
		{BDB78A64-D7D6-4C34-984A-7C7A4FCC68D7}.Debug|Any CPU.Build.0 = Debug|Any CPU
		{BDB78A64-D7D6-4C34-984A-7C7A4FCC68D7}.Release|Any CPU.ActiveCfg = Release|Any CPU
		{BDB78A64-D7D6-4C34-984A-7C7A4FCC68D7}.Release|Any CPU.Build.0 = Release|Any CPU
		{BF28201C-370D-4BEA-B05F-E9743BAB18FD}.Debug|Any CPU.ActiveCfg = Debug|Any CPU
		{BF28201C-370D-4BEA-B05F-E9743BAB18FD}.Debug|Any CPU.Build.0 = Debug|Any CPU
		{BF28201C-370D-4BEA-B05F-E9743BAB18FD}.Release|Any CPU.ActiveCfg = Release|Any CPU
		{BF28201C-370D-4BEA-B05F-E9743BAB18FD}.Release|Any CPU.Build.0 = Release|Any CPU
		{A4698A6D-37CB-454F-BBA9-C57310F8B149}.Debug|Any CPU.ActiveCfg = Debug|Any CPU
		{A4698A6D-37CB-454F-BBA9-C57310F8B149}.Debug|Any CPU.Build.0 = Debug|Any CPU
		{A4698A6D-37CB-454F-BBA9-C57310F8B149}.Release|Any CPU.ActiveCfg = Release|Any CPU
		{A4698A6D-37CB-454F-BBA9-C57310F8B149}.Release|Any CPU.Build.0 = Release|Any CPU
		{A86F2FBF-18ED-4228-9B6A-A8A7383E9F88}.Debug|Any CPU.ActiveCfg = Debug|Any CPU
		{A86F2FBF-18ED-4228-9B6A-A8A7383E9F88}.Debug|Any CPU.Build.0 = Debug|Any CPU
		{A86F2FBF-18ED-4228-9B6A-A8A7383E9F88}.Release|Any CPU.ActiveCfg = Release|Any CPU
		{A86F2FBF-18ED-4228-9B6A-A8A7383E9F88}.Release|Any CPU.Build.0 = Release|Any CPU
	EndGlobalSection
	GlobalSection(SolutionProperties) = preSolution
		HideSolutionNode = FALSE
	EndGlobalSection
	GlobalSection(NestedProjects) = preSolution
		{A99642B4-661A-4E86-89E2-2F791F47793C} = {94D5DE3D-17A2-4F16-836D-56C15C4007F2}
		{71BC310A-3F60-4EAC-8A3F-BEDF41404692} = {94D5DE3D-17A2-4F16-836D-56C15C4007F2}
		{82468DE1-6096-4412-AC37-16CE6913C7D4} = {94D5DE3D-17A2-4F16-836D-56C15C4007F2}
		{D640154E-AD90-4BCB-9845-91BE7125FCF2} = {94D5DE3D-17A2-4F16-836D-56C15C4007F2}
		{3E2096D1-CB04-4E89-B11E-EE964F7B4A2B} = {A99642B4-661A-4E86-89E2-2F791F47793C}
		{3C2DB918-ADD8-4CCB-ABD6-4BD5498A4E5E} = {3E2096D1-CB04-4E89-B11E-EE964F7B4A2B}
		{88EEAA14-A427-4FC9-AB67-08EED37034F4} = {71BC310A-3F60-4EAC-8A3F-BEDF41404692}
		{D736AEEF-90CD-43D4-88CF-9EE95FDC08C3} = {82468DE1-6096-4412-AC37-16CE6913C7D4}
		{0D849193-74AF-4736-9276-CAD814AB0B41} = {88EEAA14-A427-4FC9-AB67-08EED37034F4}
		{0ACCADBC-B2EC-4EFA-8571-3D7A7803BFC6} = {88EEAA14-A427-4FC9-AB67-08EED37034F4}
		{9B7DB02F-DD2E-4187-AD7C-0EC565D4FA55} = {88EEAA14-A427-4FC9-AB67-08EED37034F4}
		{31289110-B739-4325-B4DC-ABFB1A574EAB} = {88EEAA14-A427-4FC9-AB67-08EED37034F4}
		{27A38B6D-33D0-4CA3-A50C-A4ACF2FE1C18} = {D736AEEF-90CD-43D4-88CF-9EE95FDC08C3}
		{A0180DC7-F1D8-4691-959D-EE3D2D5B9174} = {D640154E-AD90-4BCB-9845-91BE7125FCF2}
		{D52669E9-749C-4F2F-B385-407846C484F8} = {D640154E-AD90-4BCB-9845-91BE7125FCF2}
		{6655D903-7CBF-4CD2-BC74-6407CF466C98} = {D640154E-AD90-4BCB-9845-91BE7125FCF2}
		{5E600E4D-8D88-4607-8A7E-E7E6A74493A0} = {D640154E-AD90-4BCB-9845-91BE7125FCF2}
		{62B6FF35-A853-4E63-9331-136E5B719F9B} = {D640154E-AD90-4BCB-9845-91BE7125FCF2}
		{98AC5426-2EBC-4D94-B3E9-4A78D542A85C} = {D640154E-AD90-4BCB-9845-91BE7125FCF2}
		{5D76ADEF-37FE-4253-8419-F656C5169E33} = {A3AD69C7-8153-4DA4-8DBF-8259A782FE1A}
		{B2A9AFCD-5D45-427A-AD07-F776D1D1C866} = {5D76ADEF-37FE-4253-8419-F656C5169E33}
		{63C73E8A-54F8-4374-87AD-53C512F6993A} = {D52669E9-749C-4F2F-B385-407846C484F8}
		{A3B174AE-1251-4712-8839-F7A7B4A3FB6D} = {98AC5426-2EBC-4D94-B3E9-4A78D542A85C}
		{9AC78EAE-4BE2-4BC7-AF1F-60990F0A0824} = {5E600E4D-8D88-4607-8A7E-E7E6A74493A0}
		{B3107AC8-F7E9-4691-9EB8-D26EF1083540} = {6655D903-7CBF-4CD2-BC74-6407CF466C98}
		{D0EE5379-FDC2-461F-9093-26506D5E0039} = {A0180DC7-F1D8-4691-959D-EE3D2D5B9174}
		{BDB78A64-D7D6-4C34-984A-7C7A4FCC68D7} = {62B6FF35-A853-4E63-9331-136E5B719F9B}
		{BF28201C-370D-4BEA-B05F-E9743BAB18FD} = {62B6FF35-A853-4E63-9331-136E5B719F9B}
		{A4698A6D-37CB-454F-BBA9-C57310F8B149} = {62B6FF35-A853-4E63-9331-136E5B719F9B}
		{A86F2FBF-18ED-4228-9B6A-A8A7383E9F88} = {62B6FF35-A853-4E63-9331-136E5B719F9B}
	EndGlobalSection
	GlobalSection(ExtensibilityGlobals) = postSolution
		SolutionGuid = {D05C7A21-5FDA-47DD-A2F5-96080236D452}
	EndGlobalSection
EndGlobal
